
Microsoft Visual Studio Solution File, Format Version 12.00
# Visual Studio Version 17
VisualStudioVersion = 17.0.31903.59
MinimumVisualStudioVersion = 10.0.40219.1
Project("{2150E333-8FDC-42A3-9474-1A3956D46DE8}") = "src", "src", "{827E0CD3-B72D-47B6-A68D-7590B98EB39B}"
EndProject
Project("{FAE04EC0-301F-11D3-BF4B-00C04F79EFBC}") = "SCIMServer.Web", "src\SCIMServer.Web\SCIMServer.Web.csproj", "{CDE38FE7-695B-415F-9DBF-310B1A703BEB}"
EndProject
Project("{FAE04EC0-301F-11D3-BF4B-00C04F79EFBC}") = "SCIMServer.Core", "src\SCIMServer.Core\SCIMServer.Core.csproj", "{BBF4B351-59D4-4C15-A24F-D9E43708380A}"
EndProject
Project("{FAE04EC0-301F-11D3-BF4B-00C04F79EFBC}") = "SCIMServer.DataAccess", "src\SCIMServer.DataAccess\SCIMServer.DataAccess.csproj", "{EECD2303-2C19-47CC-BFDD-A0BC9E424100}"
EndProject
Project("{FAE04EC0-301F-11D3-BF4B-00C04F79EFBC}") = "SCIMServer.Installer", "src\SCIMServer.Installer\SCIMServer.Installer.csproj", "{77F66E8C-BC85-4445-9F97-FA827F2BDA52}"
EndProject
Project("{FAE04EC0-301F-11D3-BF4B-00C04F79EFBC}") = "SCIMServer.Emulator.GoogleWorkspace", "src\SCIMServer.Emulator.GoogleWorkspace\SCIMServer.Emulator.GoogleWorkspace.csproj", "{A5F29D00-0000-4000-8000-000000000001}"
EndProject
Global
	GlobalSection(SolutionConfigurationPlatforms) = preSolution
		Debug|Any CPU = Debug|Any CPU
		Debug|x64 = Debug|x64
		Debug|x86 = Debug|x86
		Release|Any CPU = Release|Any CPU
		Release|x64 = Release|x64
		Release|x86 = Release|x86
	EndGlobalSection
	GlobalSection(ProjectConfigurationPlatforms) = postSolution
		{CDE38FE7-695B-415F-9DBF-310B1A703BEB}.Debug|Any CPU.ActiveCfg = Debug|Any CPU
		{CDE38FE7-695B-415F-9DBF-310B1A703BEB}.Debug|Any CPU.Build.0 = Debug|Any CPU
		{CDE38FE7-695B-415F-9DBF-310B1A703BEB}.Debug|x64.ActiveCfg = Debug|Any CPU
		{CDE38FE7-695B-415F-9DBF-310B1A703BEB}.Debug|x64.Build.0 = Debug|Any CPU
		{CDE38FE7-695B-415F-9DBF-310B1A703BEB}.Debug|x86.ActiveCfg = Debug|Any CPU
		{CDE38FE7-695B-415F-9DBF-310B1A703BEB}.Debug|x86.Build.0 = Debug|Any CPU
		{CDE38FE7-695B-415F-9DBF-310B1A703BEB}.Release|Any CPU.ActiveCfg = Release|Any CPU
		{CDE38FE7-695B-415F-9DBF-310B1A703BEB}.Release|Any CPU.Build.0 = Release|Any CPU
		{CDE38FE7-695B-415F-9DBF-310B1A703BEB}.Release|x64.ActiveCfg = Release|Any CPU
		{CDE38FE7-695B-415F-9DBF-310B1A703BEB}.Release|x64.Build.0 = Release|Any CPU
		{CDE38FE7-695B-415F-9DBF-310B1A703BEB}.Release|x86.ActiveCfg = Release|Any CPU
		{CDE38FE7-695B-415F-9DBF-310B1A703BEB}.Release|x86.Build.0 = Release|Any CPU
		{BBF4B351-59D4-4C15-A24F-D9E43708380A}.Debug|Any CPU.ActiveCfg = Debug|Any CPU
		{BBF4B351-59D4-4C15-A24F-D9E43708380A}.Debug|Any CPU.Build.0 = Debug|Any CPU
		{BBF4B351-59D4-4C15-A24F-D9E43708380A}.Debug|x64.ActiveCfg = Debug|Any CPU
		{BBF4B351-59D4-4C15-A24F-D9E43708380A}.Debug|x64.Build.0 = Debug|Any CPU
		{BBF4B351-59D4-4C15-A24F-D9E43708380A}.Debug|x86.ActiveCfg = Debug|Any CPU
		{BBF4B351-59D4-4C15-A24F-D9E43708380A}.Debug|x86.Build.0 = Debug|Any CPU
		{BBF4B351-59D4-4C15-A24F-D9E43708380A}.Release|Any CPU.ActiveCfg = Release|Any CPU
		{BBF4B351-59D4-4C15-A24F-D9E43708380A}.Release|Any CPU.Build.0 = Release|Any CPU
		{BBF4B351-59D4-4C15-A24F-D9E43708380A}.Release|x64.ActiveCfg = Release|Any CPU
		{BBF4B351-59D4-4C15-A24F-D9E43708380A}.Release|x64.Build.0 = Release|Any CPU
		{BBF4B351-59D4-4C15-A24F-D9E43708380A}.Release|x86.ActiveCfg = Release|Any CPU
		{BBF4B351-59D4-4C15-A24F-D9E43708380A}.Release|x86.Build.0 = Release|Any CPU
		{EECD2303-2C19-47CC-BFDD-A0BC9E424100}.Debug|Any CPU.ActiveCfg = Debug|Any CPU
		{EECD2303-2C19-47CC-BFDD-A0BC9E424100}.Debug|Any CPU.Build.0 = Debug|Any CPU
		{EECD2303-2C19-47CC-BFDD-A0BC9E424100}.Debug|x64.ActiveCfg = Debug|Any CPU
		{EECD2303-2C19-47CC-BFDD-A0BC9E424100}.Debug|x64.Build.0 = Debug|Any CPU
		{EECD2303-2C19-47CC-BFDD-A0BC9E424100}.Debug|x86.ActiveCfg = Debug|Any CPU
		{EECD2303-2C19-47CC-BFDD-A0BC9E424100}.Debug|x86.Build.0 = Debug|Any CPU
		{EECD2303-2C19-47CC-BFDD-A0BC9E424100}.Release|Any CPU.ActiveCfg = Release|Any CPU
		{EECD2303-2C19-47CC-BFDD-A0BC9E424100}.Release|Any CPU.Build.0 = Release|Any CPU
		{EECD2303-2C19-47CC-BFDD-A0BC9E424100}.Release|x64.ActiveCfg = Release|Any CPU
		{EECD2303-2C19-47CC-BFDD-A0BC9E424100}.Release|x64.Build.0 = Release|Any CPU
		{EECD2303-2C19-47CC-BFDD-A0BC9E424100}.Release|x86.ActiveCfg = Release|Any CPU
		{EECD2303-2C19-47CC-BFDD-A0BC9E424100}.Release|x86.Build.0 = Release|Any CPU
		{77F66E8C-BC85-4445-9F97-FA827F2BDA52}.Debug|Any CPU.ActiveCfg = Debug|Any CPU
		{77F66E8C-BC85-4445-9F97-FA827F2BDA52}.Debug|Any CPU.Build.0 = Debug|Any CPU
		{77F66E8C-BC85-4445-9F97-FA827F2BDA52}.Debug|x64.ActiveCfg = Debug|Any CPU
		{77F66E8C-BC85-4445-9F97-FA827F2BDA52}.Debug|x64.Build.0 = Debug|Any CPU
		{77F66E8C-BC85-4445-9F97-FA827F2BDA52}.Debug|x86.ActiveCfg = Debug|Any CPU
		{77F66E8C-BC85-4445-9F97-FA827F2BDA52}.Debug|x86.Build.0 = Debug|Any CPU
		{77F66E8C-BC85-4445-9F97-FA827F2BDA52}.Release|Any CPU.ActiveCfg = Release|Any CPU
		{77F66E8C-BC85-4445-9F97-FA827F2BDA52}.Release|Any CPU.Build.0 = Release|Any CPU
		{77F66E8C-BC85-4445-9F97-FA827F2BDA52}.Release|x64.ActiveCfg = Release|Any CPU
		{77F66E8C-BC85-4445-9F97-FA827F2BDA52}.Release|x64.Build.0 = Release|Any CPU
		{77F66E8C-BC85-4445-9F97-FA827F2BDA52}.Release|x86.ActiveCfg = Release|Any CPU
		{77F66E8C-BC85-4445-9F97-FA827F2BDA52}.Release|x86.Build.0 = Release|Any CPU
		{A5F29D00-0000-4000-8000-000000000001}.Debug|Any CPU.ActiveCfg = Debug|Any CPU
		{A5F29D00-0000-4000-8000-000000000001}.Debug|Any CPU.Build.0 = Debug|Any CPU
		{A5F29D00-0000-4000-8000-000000000001}.Debug|x64.ActiveCfg = Debug|Any CPU
		{A5F29D00-0000-4000-8000-000000000001}.Debug|x64.Build.0 = Debug|Any CPU
		{A5F29D00-0000-4000-8000-000000000001}.Debug|x86.ActiveCfg = Debug|Any CPU
		{A5F29D00-0000-4000-8000-000000000001}.Debug|x86.Build.0 = Debug|Any CPU
		{A5F29D00-0000-4000-8000-000000000001}.Release|Any CPU.ActiveCfg = Release|Any CPU
		{A5F29D00-0000-4000-8000-000000000001}.Release|Any CPU.Build.0 = Release|Any CPU
		{A5F29D00-0000-4000-8000-000000000001}.Release|x64.ActiveCfg = Release|Any CPU
		{A5F29D00-0000-4000-8000-000000000001}.Release|x64.Build.0 = Release|Any CPU
		{A5F29D00-0000-4000-8000-000000000001}.Release|x86.ActiveCfg = Release|Any CPU
		{A5F29D00-0000-4000-8000-000000000001}.Release|x86.Build.0 = Release|Any CPU
	EndGlobalSection
	GlobalSection(SolutionProperties) = preSolution
		HideSolutionNode = FALSE
	EndGlobalSection
	GlobalSection(NestedProjects) = preSolution
		{CDE38FE7-695B-415F-9DBF-310B1A703BEB} = {827E0CD3-B72D-47B6-A68D-7590B98EB39B}
		{BBF4B351-59D4-4C15-A24F-D9E43708380A} = {827E0CD3-B72D-47B6-A68D-7590B98EB39B}
		{EECD2303-2C19-47CC-BFDD-A0BC9E424100} = {827E0CD3-B72D-47B6-A68D-7590B98EB39B}
		{77F66E8C-BC85-4445-9F97-FA827F2BDA52} = {827E0CD3-B72D-47B6-A68D-7590B98EB39B}
		{A5F29D00-0000-4000-8000-000000000001} = {827E0CD3-B72D-47B6-A68D-7590B98EB39B}
	EndGlobalSection
EndGlobal
